
Microsoft Visual Studio Solution File, Format Version 12.00
# Visual Studio 15
Project("{FAE04EC0-301F-11D3-BF4B-00C04F79EFBC}") = "Bedienungshilfe", "Bedienungshilfe.csproj", "{87D51EB5-101D-4213-A8A1-CD8F09E9980C}"
EndProject
Global
	GlobalSection(SolutionConfigurationPlatforms) = preSolution
		Debug|Any CPU = Debug|Any CPU
		Release|Any CPU = Release|Any CPU
	EndGlobalSection
	GlobalSection(ProjectConfigurationPlatforms) = postSolution
		{87D51EB5-101D-4213-A8A1-CD8F09E9980C}.Debug|Any CPU.ActiveCfg = Debug|Any CPU
		{87D51EB5-101D-4213-A8A1-CD8F09E9980C}.Debug|Any CPU.Build.0 = Debug|Any CPU
		{87D51EB5-101D-4213-A8A1-CD8F09E9980C}.Release|Any CPU.ActiveCfg = Release|Any CPU
		{87D51EB5-101D-4213-A8A1-CD8F09E9980C}.Release|Any CPU.Build.0 = Release|Any CPU
	EndGlobalSection
EndGlobal
